{
  "name": "offline1",
  "version": "1.0.0",
  "lockfileVersion": 1,
  "requires": true,
  "dependencies": {
    "@mapbox/tiletype": {
      "version": "0.3.1",
      "resolved": "https://registry.npmjs.org/@mapbox/tiletype/-/tiletype-0.3.1.tgz",
      "integrity": "sha1-GhSY9qG3d2MOC006L+2dlJWVYMw="
    },
    "@turf/bbox": {
      "version": "6.0.0",
      "resolved": "https://registry.npmjs.org/@turf/bbox/-/bbox-6.0.0.tgz",
      "integrity": "sha512-EML6dY4pMfOkftVKx+MUOvcXhgO8iXmcRxozlVxrJFPF6FMWyS+Zn2EVDgsCPSdwBSR2wwTo9bQGjXxI8FW+TA==",
      "requires": {
        "@turf/helpers": "6.0.1",
        "@turf/meta": "6.0.1"
      }
    },
    "@turf/center": {
      "version": "3.14.0",
      "resolved": "https://registry.npmjs.org/@turf/center/-/center-3.14.0.tgz",
      "integrity": "sha1-EIOspPE308SYiVV0DH1EDEXMnsw=",
      "requires": {
        "@turf/bbox": "3.14.0",
        "@turf/helpers": "3.13.0"
      },
      "dependencies": {
        "@turf/bbox": {
          "version": "3.14.0",
          "resolved": "https://registry.npmjs.org/@turf/bbox/-/bbox-3.14.0.tgz",
          "integrity": "sha1-zuXzlt3nisqc7eBeESLbGLxQRjU=",
          "requires": {
            "@turf/meta": "3.14.0"
          }
        },
        "@turf/helpers": {
          "version": "3.13.0",
          "resolved": "https://registry.npmjs.org/@turf/helpers/-/helpers-3.13.0.tgz",
          "integrity": "sha1-0GB4oUZM9WzbfqYk6h4TpxuIuAY="
        },
        "@turf/meta": {
          "version": "3.14.0",
          "resolved": "https://registry.npmjs.org/@turf/meta/-/meta-3.14.0.tgz",
          "integrity": "sha1-jTBQwaD0S/QGpjO2vSjFEPe87ic="
        }
      }
    },
    "@turf/helpers": {
      "version": "6.0.1",
      "resolved": "https://registry.npmjs.org/@turf/helpers/-/helpers-6.0.1.tgz",
      "integrity": "sha512-EQtcbwiNbkBnvxvlxcTcrwTzaq2eR4fnDVlzx/hsw5tYxDiMJfuL9goy1rDCmXxcyDnk8gCyZapYfEQWYLl1pQ=="
    },
    "@turf/meta": {
      "version": "6.0.1",
      "resolved": "https://registry.npmjs.org/@turf/meta/-/meta-6.0.1.tgz",
      "integrity": "sha512-+2mBdPM2sOrjbpm41OwzbFXqs0Vl05IRthFwbTfA4+QIhu97SvcMbX406P3QEerMPFtKEb33f01e4yMrEot/AA==",
      "requires": {
        "@turf/helpers": "6.0.1"
      }
    },
    "bbox-dateline": {
      "version": "1.2.1",
      "resolved": "https://registry.npmjs.org/bbox-dateline/-/bbox-dateline-1.2.1.tgz",
      "integrity": "sha1-S9Lk6pKPkEBrCILUUE6Va8f7CUw=",
      "requires": {
        "@turf/bbox": "3.14.0",
        "@turf/center": "3.14.0"
      },
      "dependencies": {
        "@turf/bbox": {
          "version": "3.14.0",
          "resolved": "https://registry.npmjs.org/@turf/bbox/-/bbox-3.14.0.tgz",
          "integrity": "sha1-zuXzlt3nisqc7eBeESLbGLxQRjU=",
          "requires": {
            "@turf/meta": "3.14.0"
          }
        },
        "@turf/meta": {
          "version": "3.14.0",
          "resolved": "https://registry.npmjs.org/@turf/meta/-/meta-3.14.0.tgz",
          "integrity": "sha1-jTBQwaD0S/QGpjO2vSjFEPe87ic="
        }
      }
    },
    "debug": {
      "version": "3.1.0",
      "resolved": "https://registry.npmjs.org/debug/-/debug-3.1.0.tgz",
      "integrity": "sha512-OX8XqP7/1a9cqkxYw2yXss15f26NKWBpDXQd0/uK/KPqdQhxbPa994hnzjcE2VqQpDslf55723cKPUOGSmMY3g==",
      "requires": {
        "ms": "2.0.0"
      }
    },
    "global-mercator": {
      "version": "3.0.3",
      "resolved": "https://registry.npmjs.org/global-mercator/-/global-mercator-3.0.3.tgz",
      "integrity": "sha512-6nRpRoIOC9aAONBPM61v6BDGV/Q6N2vIKdD+DhikiCH/Ju83hMQrJjscXamiEN2SemtqCcItjaBv//QIusnZbA=="
    },
    "lodash.omit": {
      "version": "4.5.0",
      "resolved": "https://registry.npmjs.org/lodash.omit/-/lodash.omit-4.5.0.tgz",
      "integrity": "sha1-brGa5aHuHdnfC5aeZs4Lf6MLXmA="
    },
    "mbtiles-offline": {
      "version": "4.0.1",
      "resolved": "https://registry.npmjs.org/mbtiles-offline/-/mbtiles-offline-4.0.1.tgz",
      "integrity": "sha1-yBUZbmX2qNtvJUYbudLvf7yR0/s=",
      "requires": {
        "@mapbox/tiletype": "0.3.1",
        "@turf/bbox": "6.0.0",
        "bbox-dateline": "1.2.1",
        "debug": "3.1.0",
        "global-mercator": "3.0.3",
        "lodash.omit": "4.5.0",
        "sqlite3-offline": "3.2.0",
        "universalify": "0.1.1"
      }
    },
    "ms": {
      "version": "2.0.0",
      "resolved": "https://registry.npmjs.org/ms/-/ms-2.0.0.tgz",
      "integrity": "sha1-VgiurfwAvmwpAd9fmGF4jeDVl8g="
    },
    "sqlite3-offline": {
      "version": "3.2.0",
      "resolved": "https://registry.npmjs.org/sqlite3-offline/-/sqlite3-offline-3.2.0.tgz",
      "integrity": "sha1-uuOe7FvtykJHr3np4SOO60cLbE8="
    },
    "universalify": {
      "version": "0.1.1",
      "resolved": "https://registry.npmjs.org/universalify/-/universalify-0.1.1.tgz",
      "integrity": "sha1-+nG63UQ3r0wUiEHjs7Fl+enlkLc="
    }
  }
}
